
Microsoft Visual Studio Solution File, Format Version 12.00
# Visual Studio Version 16
VisualStudioVersion = 16.0.30907.101
MinimumVisualStudioVersion = 10.0.40219.1
Project("{9A19103F-16F7-4668-BE54-9A1E7A4F7556}") = "Valkyrie", "Valkyrie\Valkyrie.csproj", "{EB933CD6-A938-48EC-8ADB-7B6AC0ACA2CE}"
EndProject
Global
	GlobalSection(SolutionConfigurationPlatforms) = preSolution
		Debug|Any CPU = Debug|Any CPU
		Release|Any CPU = Release|Any CPU
	EndGlobalSection
	GlobalSection(ProjectConfigurationPlatforms) = postSolution
		{EB933CD6-A938-48EC-8ADB-7B6AC0ACA2CE}.Debug|Any CPU.ActiveCfg = Debug|Any CPU
		{EB933CD6-A938-48EC-8ADB-7B6AC0ACA2CE}.Debug|Any CPU.Build.0 = Debug|Any CPU
		{EB933CD6-A938-48EC-8ADB-7B6AC0ACA2CE}.Release|Any CPU.ActiveCfg = Release|Any CPU
		{EB933CD6-A938-48EC-8ADB-7B6AC0ACA2CE}.Release|Any CPU.Build.0 = Release|Any CPU
	EndGlobalSection
	GlobalSection(SolutionProperties) = preSolution
		HideSolutionNode = FALSE
	EndGlobalSection
	GlobalSection(ExtensibilityGlobals) = postSolution
		SolutionGuid = {2D45CBAC-5BF2-4778-AF08-9427BB47FB98}
	EndGlobalSection
EndGlobal
